// !$*UTF8*$!
{
	archiveVersion = 1;
	classes = {
	};
	objectVersion = 48;
	objects = {

/* Begin PBXBuildFile section */
		0196E1899EEF31790B82B0B7 /* Pods_WordBuzzer.framework in Frameworks */ = {isa = PBXBuildFile; fileRef = 0BF91A252558190149A9F405 /* Pods_WordBuzzer.framework */; };
		55BED74C201C897B009A794B /* AppDelegate.swift in Sources */ = {isa = PBXBuildFile; fileRef = 55BED74B201C897B009A794B /* AppDelegate.swift */; };
		55BED74E201C897B009A794B /* ViewController.swift in Sources */ = {isa = PBXBuildFile; fileRef = 55BED74D201C897B009A794B /* ViewController.swift */; };
		55BED751201C897B009A794B /* Main.storyboard in Resources */ = {isa = PBXBuildFile; fileRef = 55BED74F201C897B009A794B /* Main.storyboard */; };
		55BED753201C897B009A794B /* Assets.xcassets in Resources */ = {isa = PBXBuildFile; fileRef = 55BED752201C897B009A794B /* Assets.xcassets */; };
		55BED756201C897B009A794B /* LaunchScreen.storyboard in Resources */ = {isa = PBXBuildFile; fileRef = 55BED754201C897B009A794B /* LaunchScreen.storyboard */; };
		55BED76C201C8EE4009A794B /* WordFileService.swift in Sources */ = {isa = PBXBuildFile; fileRef = 55BED76B201C8EE4009A794B /* WordFileService.swift */; };
		55BED76E201C8F3D009A794B /* Word.swift in Sources */ = {isa = PBXBuildFile; fileRef = 55BED76D201C8F3D009A794B /* Word.swift */; };
		55BED771201C8FF9009A794B /* WordFileServiceSpec.swift in Sources */ = {isa = PBXBuildFile; fileRef = 55BED770201C8FF9009A794B /* WordFileServiceSpec.swift */; };
		55BED773201C905B009A794B /* Valid.json in Resources */ = {isa = PBXBuildFile; fileRef = 55BED772201C905B009A794B /* Valid.json */; };
		55BED777201C94C4009A794B /* Invalid.json in Resources */ = {isa = PBXBuildFile; fileRef = 55BED776201C94C4009A794B /* Invalid.json */; };
		55BED77F201C97D2009A794B /* words.json in Resources */ = {isa = PBXBuildFile; fileRef = 55BED77D201C97D2009A794B /* words.json */; };
		55BED780201C97D2009A794B /* simpleWords.json in Resources */ = {isa = PBXBuildFile; fileRef = 55BED77E201C97D2009A794B /* simpleWords.json */; };
		55BED782201CA0A1009A794B /* ViewModel.swift in Sources */ = {isa = PBXBuildFile; fileRef = 55BED781201CA0A1009A794B /* ViewModel.swift */; };
		55BED787201CA25F009A794B /* ViewModelSpec.swift in Sources */ = {isa = PBXBuildFile; fileRef = 55BED786201CA25F009A794B /* ViewModelSpec.swift */; };
		55BED789201CA2B5009A794B /* WordServiceMock.swift in Sources */ = {isa = PBXBuildFile; fileRef = 55BED788201CA2B5009A794B /* WordServiceMock.swift */; };
		55BED78D201CA946009A794B /* Array+Extension.swift in Sources */ = {isa = PBXBuildFile; fileRef = 55BED78C201CA946009A794B /* Array+Extension.swift */; };
		55BED78F201CB149009A794B /* Empty.json in Resources */ = {isa = PBXBuildFile; fileRef = 55BED78E201CB149009A794B /* Empty.json */; };
		55BED791201CB6B6009A794B /* TextService.swift in Sources */ = {isa = PBXBuildFile; fileRef = 55BED790201CB6B6009A794B /* TextService.swift */; };
		D1DF9E4468F136565D798954 /* Pods_WordBuzzerTests.framework in Frameworks */ = {isa = PBXBuildFile; fileRef = 95DFEAFD3480E53812B52246 /* Pods_WordBuzzerTests.framework */; };
/* End PBXBuildFile section */

/* Begin PBXContainerItemProxy section */
		55BED75D201C897B009A794B /* PBXContainerItemProxy */ = {
			isa = PBXContainerItemProxy;
			containerPortal = 55BED740201C897B009A794B /* Project object */;
			proxyType = 1;
			remoteGlobalIDString = 55BED747201C897B009A794B;
			remoteInfo = WordBuzzer;
		};
/* End PBXContainerItemProxy section */

/* Begin PBXFileReference section */
		0BF91A252558190149A9F405 /* Pods_WordBuzzer.framework */ = {isa = PBXFileReference; explicitFileType = wrapper.framework; includeInIndex = 0; path = Pods_WordBuzzer.framework; sourceTree = BUILT_PRODUCTS_DIR; };
		398F4E3E0F8E71ECAC4CB7EC /* Pods-WordBuzzer.debug.xcconfig */ = {isa = PBXFileReference; includeInIndex = 1; lastKnownFileType = text.xcconfig; name = "Pods-WordBuzzer.debug.xcconfig"; path = "Pods/Target Support Files/Pods-WordBuzzer/Pods-WordBuzzer.debug.xcconfig"; sourceTree = "<group>"; };
		4F6AFCFE8288B843C272959A /* Pods-WordBuzzer.release.xcconfig */ = {isa = PBXFileReference; includeInIndex = 1; lastKnownFileType = text.xcconfig; name = "Pods-WordBuzzer.release.xcconfig"; path = "Pods/Target Support Files/Pods-WordBuzzer/Pods-WordBuzzer.release.xcconfig"; sourceTree = "<group>"; };
		55BED748201C897B009A794B /* WordBuzzer.app */ = {isa = PBXFileReference; explicitFileType = wrapper.application; includeInIndex = 0; path = WordBuzzer.app; sourceTree = BUILT_PRODUCTS_DIR; };
		55BED74B201C897B009A794B /* AppDelegate.swift */ = {isa = PBXFileReference; lastKnownFileType = sourcecode.swift; path = AppDelegate.swift; sourceTree = "<group>"; };
		55BED74D201C897B009A794B /* ViewController.swift */ = {isa = PBXFileReference; lastKnownFileType = sourcecode.swift; path = ViewController.swift; sourceTree = "<group>"; };
		55BED750201C897B009A794B /* Base */ = {isa = PBXFileReference; lastKnownFileType = file.storyboard; name = Base; path = Base.lproj/Main.storyboard; sourceTree = "<group>"; };
		55BED752201C897B009A794B /* Assets.xcassets */ = {isa = PBXFileReference; lastKnownFileType = folder.assetcatalog; path = Assets.xcassets; sourceTree = "<group>"; };
		55BED755201C897B009A794B /* Base */ = {isa = PBXFileReference; lastKnownFileType = file.storyboard; name = Base; path = Base.lproj/LaunchScreen.storyboard; sourceTree = "<group>"; };
		55BED757201C897B009A794B /* Info.plist */ = {isa = PBXFileReference; lastKnownFileType = text.plist.xml; path = Info.plist; sourceTree = "<group>"; };
		55BED75C201C897B009A794B /* WordBuzzerTests.xctest */ = {isa = PBXFileReference; explicitFileType = wrapper.cfbundle; includeInIndex = 0; path = WordBuzzerTests.xctest; sourceTree = BUILT_PRODUCTS_DIR; };
		55BED762201C897B009A794B /* Info.plist */ = {isa = PBXFileReference; lastKnownFileType = text.plist.xml; path = Info.plist; sourceTree = "<group>"; };
		55BED76B201C8EE4009A794B /* WordFileService.swift */ = {isa = PBXFileReference; lastKnownFileType = sourcecode.swift; path = WordFileService.swift; sourceTree = "<group>"; };
		55BED76D201C8F3D009A794B /* Word.swift */ = {isa = PBXFileReference; lastKnownFileType = sourcecode.swift; path = Word.swift; sourceTree = "<group>"; };
		55BED76F201C8FF9009A794B /* WordBuzzerTests-Bridging-Header.h */ = {isa = PBXFileReference; lastKnownFileType = sourcecode.c.h; path = "WordBuzzerTests-Bridging-Header.h"; sourceTree = "<group>"; };
		55BED770201C8FF9009A794B /* WordFileServiceSpec.swift */ = {isa = PBXFileReference; lastKnownFileType = sourcecode.swift; path = WordFileServiceSpec.swift; sourceTree = "<group>"; };
		55BED772201C905B009A794B /* Valid.json */ = {isa = PBXFileReference; fileEncoding = 4; lastKnownFileType = text.json; path = Valid.json; sourceTree = "<group>"; };
		55BED776201C94C4009A794B /* Invalid.json */ = {isa = PBXFileReference; lastKnownFileType = text.json; path = Invalid.json; sourceTree = "<group>"; };
		55BED77D201C97D2009A794B /* words.json */ = {isa = PBXFileReference; fileEncoding = 4; lastKnownFileType = text.json; path = words.json; sourceTree = "<group>"; };
		55BED77E201C97D2009A794B /* simpleWords.json */ = {isa = PBXFileReference; fileEncoding = 4; lastKnownFileType = text.json; path = simpleWords.json; sourceTree = "<group>"; };
		55BED781201CA0A1009A794B /* ViewModel.swift */ = {isa = PBXFileReference; lastKnownFileType = sourcecode.swift; path = ViewModel.swift; sourceTree = "<group>"; };
		55BED786201CA25F009A794B /* ViewModelSpec.swift */ = {isa = PBXFileReference; lastKnownFileType = sourcecode.swift; path = ViewModelSpec.swift; sourceTree = "<group>"; };
		55BED788201CA2B5009A794B /* WordServiceMock.swift */ = {isa = PBXFileReference; lastKnownFileType = sourcecode.swift; path = WordServiceMock.swift; sourceTree = "<group>"; };
		55BED78C201CA946009A794B /* Array+Extension.swift */ = {isa = PBXFileReference; lastKnownFileType = sourcecode.swift; path = "Array+Extension.swift"; sourceTree = "<group>"; };
		55BED78E201CB149009A794B /* Empty.json */ = {isa = PBXFileReference; lastKnownFileType = text.json; path = Empty.json; sourceTree = "<group>"; };
		55BED790201CB6B6009A794B /* TextService.swift */ = {isa = PBXFileReference; lastKnownFileType = sourcecode.swift; path = TextService.swift; sourceTree = "<group>"; };
		95DFEAFD3480E53812B52246 /* Pods_WordBuzzerTests.framework */ = {isa = PBXFileReference; explicitFileType = wrapper.framework; includeInIndex = 0; path = Pods_WordBuzzerTests.framework; sourceTree = BUILT_PRODUCTS_DIR; };
		A1783B231378741E63655E2A /* Pods-WordBuzzerTests.release.xcconfig */ = {isa = PBXFileReference; includeInIndex = 1; lastKnownFileType = text.xcconfig; name = "Pods-WordBuzzerTests.release.xcconfig"; path = "Pods/Target Support Files/Pods-WordBuzzerTests/Pods-WordBuzzerTests.release.xcconfig"; sourceTree = "<group>"; };
		F8A0DE6D7364509CACB81FAD /* Pods-WordBuzzerTests.debug.xcconfig */ = {isa = PBXFileReference; includeInIndex = 1; lastKnownFileType = text.xcconfig; name = "Pods-WordBuzzerTests.debug.xcconfig"; path = "Pods/Target Support Files/Pods-WordBuzzerTests/Pods-WordBuzzerTests.debug.xcconfig"; sourceTree = "<group>"; };
/* End PBXFileReference section */

/* Begin PBXFrameworksBuildPhase section */
		55BED745201C897B009A794B /* Frameworks */ = {
			isa = PBXFrameworksBuildPhase;
			buildActionMask = 2147483647;
			files = (
				0196E1899EEF31790B82B0B7 /* Pods_WordBuzzer.framework in Frameworks */,
			);
			runOnlyForDeploymentPostprocessing = 0;
		};
		55BED759201C897B009A794B /* Frameworks */ = {
			isa = PBXFrameworksBuildPhase;
			buildActionMask = 2147483647;
			files = (
				D1DF9E4468F136565D798954 /* Pods_WordBuzzerTests.framework in Frameworks */,
			);
			runOnlyForDeploymentPostprocessing = 0;
		};
/* End PBXFrameworksBuildPhase section */

/* Begin PBXGroup section */
		33A955847A8BCBD77F6730CC /* Pods */ = {
			isa = PBXGroup;
			children = (
				398F4E3E0F8E71ECAC4CB7EC /* Pods-WordBuzzer.debug.xcconfig */,
				4F6AFCFE8288B843C272959A /* Pods-WordBuzzer.release.xcconfig */,
				F8A0DE6D7364509CACB81FAD /* Pods-WordBuzzerTests.debug.xcconfig */,
				A1783B231378741E63655E2A /* Pods-WordBuzzerTests.release.xcconfig */,
			);
			name = Pods;
			sourceTree = "<group>";
		};
		55BED73F201C897B009A794B = {
			isa = PBXGroup;
			children = (
				F7497941C8DC229EDB629C30 /* Frameworks */,
				33A955847A8BCBD77F6730CC /* Pods */,
				55BED749201C897B009A794B /* Products */,
				55BED74A201C897B009A794B /* WordBuzzer */,
				55BED75F201C897B009A794B /* WordBuzzerTests */,
			);
			sourceTree = "<group>";
		};
		55BED749201C897B009A794B /* Products */ = {
			isa = PBXGroup;
			children = (
				55BED748201C897B009A794B /* WordBuzzer.app */,
				55BED75C201C897B009A794B /* WordBuzzerTests.xctest */,
			);
			name = Products;
			sourceTree = "<group>";
		};
		55BED74A201C897B009A794B /* WordBuzzer */ = {
			isa = PBXGroup;
			children = (
				55BED78B201CA936009A794B /* Extensions */,
				55BED77B201C95E0009A794B /* Scenes */,
				55BED778201C95B0009A794B /* Services */,
				55BED779201C95C1009A794B /* Types */,
				55BED74B201C897B009A794B /* AppDelegate.swift */,
				55BED752201C897B009A794B /* Assets.xcassets */,
				55BED757201C897B009A794B /* Info.plist */,
				55BED754201C897B009A794B /* LaunchScreen.storyboard */,
				55BED74F201C897B009A794B /* Main.storyboard */,
			);
			path = WordBuzzer;
			sourceTree = "<group>";
		};
		55BED75F201C897B009A794B /* WordBuzzerTests */ = {
			isa = PBXGroup;
			children = (
				55BED785201CA249009A794B /* Main Scene */,
				55BED78A201CA2BC009A794B /* Mocks */,
				55BED77C201C9602009A794B /* WordFileService */,
				55BED762201C897B009A794B /* Info.plist */,
				55BED76F201C8FF9009A794B /* WordBuzzerTests-Bridging-Header.h */,
			);
			path = WordBuzzerTests;
			sourceTree = "<group>";
		};
		55BED778201C95B0009A794B /* Services */ = {
			isa = PBXGroup;
			children = (
				55BED76B201C8EE4009A794B /* WordFileService.swift */,
				55BED77E201C97D2009A794B /* simpleWords.json */,
				55BED77D201C97D2009A794B /* words.json */,
				55BED790201CB6B6009A794B /* TextService.swift */,
			);
			path = Services;
			sourceTree = "<group>";
		};
		55BED779201C95C1009A794B /* Types */ = {
			isa = PBXGroup;
			children = (
				55BED76D201C8F3D009A794B /* Word.swift */,
			);
			path = Types;
			sourceTree = "<group>";
		};
		55BED77B201C95E0009A794B /* Scenes */ = {
			isa = PBXGroup;
			children = (
				55BED74D201C897B009A794B /* ViewController.swift */,
				55BED781201CA0A1009A794B /* ViewModel.swift */,
			);
			path = Scenes;
			sourceTree = "<group>";
		};
		55BED77C201C9602009A794B /* WordFileService */ = {
			isa = PBXGroup;
			children = (
				55BED78E201CB149009A794B /* Empty.json */,
				55BED776201C94C4009A794B /* Invalid.json */,
				55BED772201C905B009A794B /* Valid.json */,
				55BED770201C8FF9009A794B /* WordFileServiceSpec.swift */,
			);
			path = WordFileService;
			sourceTree = "<group>";
		};
		55BED785201CA249009A794B /* Main Scene */ = {
			isa = PBXGroup;
			children = (
				55BED786201CA25F009A794B /* ViewModelSpec.swift */,
			);
			path = "Main Scene";
			sourceTree = "<group>";
		};
		55BED78A201CA2BC009A794B /* Mocks */ = {
			isa = PBXGroup;
			children = (
				55BED788201CA2B5009A794B /* WordServiceMock.swift */,
			);
			path = Mocks;
			sourceTree = "<group>";
		};
		55BED78B201CA936009A794B /* Extensions */ = {
			isa = PBXGroup;
			children = (
				55BED78C201CA946009A794B /* Array+Extension.swift */,
			);
			path = Extensions;
			sourceTree = "<group>";
		};
		F7497941C8DC229EDB629C30 /* Frameworks */ = {
			isa = PBXGroup;
			children = (
				0BF91A252558190149A9F405 /* Pods_WordBuzzer.framework */,
				95DFEAFD3480E53812B52246 /* Pods_WordBuzzerTests.framework */,
			);
			name = Frameworks;
			sourceTree = "<group>";
		};
/* End PBXGroup section */

/* Begin PBXNativeTarget section */
		55BED747201C897B009A794B /* WordBuzzer */ = {
			isa = PBXNativeTarget;
			buildConfigurationList = 55BED765201C897B009A794B /* Build configuration list for PBXNativeTarget "WordBuzzer" */;
			buildPhases = (
				242546B48954D62885B81191 /* [CP] Check Pods Manifest.lock */,
				55BED744201C897B009A794B /* Sources */,
				55BED745201C897B009A794B /* Frameworks */,
				55BED746201C897B009A794B /* Resources */,
				0F7303B040C5A6FAC960DA17 /* [CP] Embed Pods Frameworks */,
				5B6C8767273A340D9C64576B /* [CP] Copy Pods Resources */,
			);
			buildRules = (
			);
			dependencies = (
			);
			name = WordBuzzer;
			productName = WordBuzzer;
			productReference = 55BED748201C897B009A794B /* WordBuzzer.app */;
			productType = "com.apple.product-type.application";
		};
		55BED75B201C897B009A794B /* WordBuzzerTests */ = {
			isa = PBXNativeTarget;
			buildConfigurationList = 55BED768201C897B009A794B /* Build configuration list for PBXNativeTarget "WordBuzzerTests" */;
			buildPhases = (
				0C26A6287DAA140D2DF87B37 /* [CP] Check Pods Manifest.lock */,
				55BED758201C897B009A794B /* Sources */,
				55BED759201C897B009A794B /* Frameworks */,
				55BED75A201C897B009A794B /* Resources */,
				C7E9477E16C04F4E03451505 /* [CP] Embed Pods Frameworks */,
				FFB64442B90032A55651C333 /* [CP] Copy Pods Resources */,
			);
			buildRules = (
			);
			dependencies = (
				55BED75E201C897B009A794B /* PBXTargetDependency */,
			);
			name = WordBuzzerTests;
			productName = WordBuzzerTests;
			productReference = 55BED75C201C897B009A794B /* WordBuzzerTests.xctest */;
			productType = "com.apple.product-type.bundle.unit-test";
		};
/* End PBXNativeTarget section */

/* Begin PBXProject section */
		55BED740201C897B009A794B /* Project object */ = {
			isa = PBXProject;
			attributes = {
				LastSwiftUpdateCheck = 0920;
				LastUpgradeCheck = 0920;
				ORGANIZATIONNAME = "Yotam Ohayon";
				TargetAttributes = {
					55BED747201C897B009A794B = {
						CreatedOnToolsVersion = 9.2;
						ProvisioningStyle = Automatic;
					};
					55BED75B201C897B009A794B = {
						CreatedOnToolsVersion = 9.2;
						LastSwiftMigration = 0920;
						ProvisioningStyle = Automatic;
						TestTargetID = 55BED747201C897B009A794B;
					};
				};
			};
			buildConfigurationList = 55BED743201C897B009A794B /* Build configuration list for PBXProject "WordBuzzer" */;
			compatibilityVersion = "Xcode 8.0";
			developmentRegion = en;
			hasScannedForEncodings = 0;
			knownRegions = (
				en,
				Base,
			);
			mainGroup = 55BED73F201C897B009A794B;
			productRefGroup = 55BED749201C897B009A794B /* Products */;
			projectDirPath = "";
			projectRoot = "";
			targets = (
				55BED747201C897B009A794B /* WordBuzzer */,
				55BED75B201C897B009A794B /* WordBuzzerTests */,
			);
		};
/* End PBXProject section */

/* Begin PBXResourcesBuildPhase section */
		55BED746201C897B009A794B /* Resources */ = {
			isa = PBXResourcesBuildPhase;
			buildActionMask = 2147483647;
			files = (
				55BED756201C897B009A794B /* LaunchScreen.storyboard in Resources */,
				55BED77F201C97D2009A794B /* words.json in Resources */,
				55BED753201C897B009A794B /* Assets.xcassets in Resources */,
				55BED780201C97D2009A794B /* simpleWords.json in Resources */,
				55BED751201C897B009A794B /* Main.storyboard in Resources */,
			);
			runOnlyForDeploymentPostprocessing = 0;
		};
		55BED75A201C897B009A794B /* Resources */ = {
			isa = PBXResourcesBuildPhase;
			buildActionMask = 2147483647;
			files = (
				55BED773201C905B009A794B /* Valid.json in Resources */,
				55BED777201C94C4009A794B /* Invalid.json in Resources */,
				55BED78F201CB149009A794B /* Empty.json in Resources */,
			);
			runOnlyForDeploymentPostprocessing = 0;
		};
/* End PBXResourcesBuildPhase section */

/* Begin PBXShellScriptBuildPhase section */
		0C26A6287DAA140D2DF87B37 /* [CP] Check Pods Manifest.lock */ = {
			isa = PBXShellScriptBuildPhase;
			buildActionMask = 2147483647;
			files = (
			);
			inputPaths = (
				"${PODS_PODFILE_DIR_PATH}/Podfile.lock",
				"${PODS_ROOT}/Manifest.lock",
			);
			name = "[CP] Check Pods Manifest.lock";
			outputPaths = (
				"$(DERIVED_FILE_DIR)/Pods-WordBuzzerTests-checkManifestLockResult.txt",
			);
			runOnlyForDeploymentPostprocessing = 0;
			shellPath = /bin/sh;
			shellScript = "diff \"${PODS_PODFILE_DIR_PATH}/Podfile.lock\" \"${PODS_ROOT}/Manifest.lock\" > /dev/null\nif [ $? != 0 ] ; then\n    # print error to STDERR\n    echo \"error: The sandbox is not in sync with the Podfile.lock. Run 'pod install' or update your CocoaPods installation.\" >&2\n    exit 1\nfi\n# This output is used by Xcode 'outputs' to avoid re-running this script phase.\necho \"SUCCESS\" > \"${SCRIPT_OUTPUT_FILE_0}\"\n";
			showEnvVarsInLog = 0;
		};
		0F7303B040C5A6FAC960DA17 /* [CP] Embed Pods Frameworks */ = {
			isa = PBXShellScriptBuildPhase;
			buildActionMask = 2147483647;
			files = (
			);
			inputPaths = (
				"${SRCROOT}/Pods/Target Support Files/Pods-WordBuzzer/Pods-WordBuzzer-frameworks.sh",
				"${PODS_ROOT}/Reveal-SDK/RevealServer-13/iOS/RevealServer.framework",
				"${BUILT_PRODUCTS_DIR}/RxCocoa/RxCocoa.framework",
				"${BUILT_PRODUCTS_DIR}/RxOptional/RxOptional.framework",
				"${BUILT_PRODUCTS_DIR}/RxSwift/RxSwift.framework",
			);
			name = "[CP] Embed Pods Frameworks";
			outputPaths = (
				"${TARGET_BUILD_DIR}/${FRAMEWORKS_FOLDER_PATH}/RevealServer.framework",
				"${TARGET_BUILD_DIR}/${FRAMEWORKS_FOLDER_PATH}/RxCocoa.framework",
				"${TARGET_BUILD_DIR}/${FRAMEWORKS_FOLDER_PATH}/RxOptional.framework",
				"${TARGET_BUILD_DIR}/${FRAMEWORKS_FOLDER_PATH}/RxSwift.framework",
			);
			runOnlyForDeploymentPostprocessing = 0;
			shellPath = /bin/sh;
			shellScript = "\"${SRCROOT}/Pods/Target Support Files/Pods-WordBuzzer/Pods-WordBuzzer-frameworks.sh\"\n";
			showEnvVarsInLog = 0;
		};
		242546B48954D62885B81191 /* [CP] Check Pods Manifest.lock */ = {
			isa = PBXShellScriptBuildPhase;
			buildActionMask = 2147483647;
			files = (
			);
			inputPaths = (
				"${PODS_PODFILE_DIR_PATH}/Podfile.lock",
				"${PODS_ROOT}/Manifest.lock",
			);
			name = "[CP] Check Pods Manifest.lock";
			outputPaths = (
				"$(DERIVED_FILE_DIR)/Pods-WordBuzzer-checkManifestLockResult.txt",
			);
			runOnlyForDeploymentPostprocessing = 0;
			shellPath = /bin/sh;
			shellScript = "diff \"${PODS_PODFILE_DIR_PATH}/Podfile.lock\" \"${PODS_ROOT}/Manifest.lock\" > /dev/null\nif [ $? != 0 ] ; then\n    # print error to STDERR\n    echo \"error: The sandbox is not in sync with the Podfile.lock. Run 'pod install' or update your CocoaPods installation.\" >&2\n    exit 1\nfi\n# This output is used by Xcode 'outputs' to avoid re-running this script phase.\necho \"SUCCESS\" > \"${SCRIPT_OUTPUT_FILE_0}\"\n";
			showEnvVarsInLog = 0;
		};
		5B6C8767273A340D9C64576B /* [CP] Copy Pods Resources */ = {
			isa = PBXShellScriptBuildPhase;
			buildActionMask = 2147483647;
			files = (
			);
			inputPaths = (
			);
			name = "[CP] Copy Pods Resources";
			outputPaths = (
			);
			runOnlyForDeploymentPostprocessing = 0;
			shellPath = /bin/sh;
			shellScript = "\"${SRCROOT}/Pods/Target Support Files/Pods-WordBuzzer/Pods-WordBuzzer-resources.sh\"\n";
			showEnvVarsInLog = 0;
		};
		C7E9477E16C04F4E03451505 /* [CP] Embed Pods Frameworks */ = {
			isa = PBXShellScriptBuildPhase;
			buildActionMask = 2147483647;
			files = (
			);
			inputPaths = (
				"${SRCROOT}/Pods/Target Support Files/Pods-WordBuzzerTests/Pods-WordBuzzerTests-frameworks.sh",
				"${BUILT_PRODUCTS_DIR}/Nimble/Nimble.framework",
				"${BUILT_PRODUCTS_DIR}/Quick/Quick.framework",
			);
			name = "[CP] Embed Pods Frameworks";
			outputPaths = (
				"${TARGET_BUILD_DIR}/${FRAMEWORKS_FOLDER_PATH}/Nimble.framework",
				"${TARGET_BUILD_DIR}/${FRAMEWORKS_FOLDER_PATH}/Quick.framework",
			);
			runOnlyForDeploymentPostprocessing = 0;
			shellPath = /bin/sh;
			shellScript = "\"${SRCROOT}/Pods/Target Support Files/Pods-WordBuzzerTests/Pods-WordBuzzerTests-frameworks.sh\"\n";
			showEnvVarsInLog = 0;
		};
		FFB64442B90032A55651C333 /* [CP] Copy Pods Resources */ = {
			isa = PBXShellScriptBuildPhase;
			buildActionMask = 2147483647;
			files = (
			);
			inputPaths = (
			);
			name = "[CP] Copy Pods Resources";
			outputPaths = (
			);
			runOnlyForDeploymentPostprocessing = 0;
			shellPath = /bin/sh;
			shellScript = "\"${SRCROOT}/Pods/Target Support Files/Pods-WordBuzzerTests/Pods-WordBuzzerTests-resources.sh\"\n";
			showEnvVarsInLog = 0;
		};
/* End PBXShellScriptBuildPhase section */

/* Begin PBXSourcesBuildPhase section */
		55BED744201C897B009A794B /* Sources */ = {
			isa = PBXSourcesBuildPhase;
			buildActionMask = 2147483647;
			files = (
				55BED782201CA0A1009A794B /* ViewModel.swift in Sources */,
				55BED74E201C897B009A794B /* ViewController.swift in Sources */,
				55BED76E201C8F3D009A794B /* Word.swift in Sources */,
				55BED78D201CA946009A794B /* Array+Extension.swift in Sources */,
				55BED791201CB6B6009A794B /* TextService.swift in Sources */,
				55BED74C201C897B009A794B /* AppDelegate.swift in Sources */,
				55BED76C201C8EE4009A794B /* WordFileService.swift in Sources */,
			);
			runOnlyForDeploymentPostprocessing = 0;
		};
		55BED758201C897B009A794B /* Sources */ = {
			isa = PBXSourcesBuildPhase;
			buildActionMask = 2147483647;
			files = (
				55BED789201CA2B5009A794B /* WordServiceMock.swift in Sources */,
				55BED771201C8FF9009A794B /* WordFileServiceSpec.swift in Sources */,
				55BED787201CA25F009A794B /* ViewModelSpec.swift in Sources */,
			);
			runOnlyForDeploymentPostprocessing = 0;
		};
/* End PBXSourcesBuildPhase section */

/* Begin PBXTargetDependency section */
		55BED75E201C897B009A794B /* PBXTargetDependency */ = {
			isa = PBXTargetDependency;
			target = 55BED747201C897B009A794B /* WordBuzzer */;
			targetProxy = 55BED75D201C897B009A794B /* PBXContainerItemProxy */;
		};
/* End PBXTargetDependency section */

/* Begin PBXVariantGroup section */
		55BED74F201C897B009A794B /* Main.storyboard */ = {
			isa = PBXVariantGroup;
			children = (
				55BED750201C897B009A794B /* Base */,
			);
			name = Main.storyboard;
			path = .;
			sourceTree = "<group>";
		};
		55BED754201C897B009A794B /* LaunchScreen.storyboard */ = {
			isa = PBXVariantGroup;
			children = (
				55BED755201C897B009A794B /* Base */,
			);
			name = LaunchScreen.storyboard;
			path = .;
			sourceTree = "<group>";
		};
/* End PBXVariantGroup section */

/* Begin XCBuildConfiguration section */
		55BED763201C897B009A794B /* Debug */ = {
			isa = XCBuildConfiguration;
			buildSettings = {
				ALWAYS_SEARCH_USER_PATHS = NO;
				CLANG_ANALYZER_NONNULL = YES;
				CLANG_ANALYZER_NUMBER_OBJECT_CONVERSION = YES_AGGRESSIVE;
				CLANG_CXX_LANGUAGE_STANDARD = "gnu++14";
				CLANG_CXX_LIBRARY = "libc++";
				CLANG_ENABLE_MODULES = YES;
				CLANG_ENABLE_OBJC_ARC = YES;
				CLANG_WARN_BLOCK_CAPTURE_AUTORELEASING = YES;
				CLANG_WARN_BOOL_CONVERSION = YES;
				CLANG_WARN_COMMA = YES;
				CLANG_WARN_CONSTANT_CONVERSION = YES;
				CLANG_WARN_DIRECT_OBJC_ISA_USAGE = YES_ERROR;
				CLANG_WARN_DOCUMENTATION_COMMENTS = YES;
				CLANG_WARN_EMPTY_BODY = YES;
				CLANG_WARN_ENUM_CONVERSION = YES;
				CLANG_WARN_INFINITE_RECURSION = YES;
				CLANG_WARN_INT_CONVERSION = YES;
				CLANG_WARN_NON_LITERAL_NULL_CONVERSION = YES;
				CLANG_WARN_OBJC_LITERAL_CONVERSION = YES;
				CLANG_WARN_OBJC_ROOT_CLASS = YES_ERROR;
				CLANG_WARN_RANGE_LOOP_ANALYSIS = YES;
				CLANG_WARN_STRICT_PROTOTYPES = YES;
				CLANG_WARN_SUSPICIOUS_MOVE = YES;
				CLANG_WARN_UNGUARDED_AVAILABILITY = YES_AGGRESSIVE;
				CLANG_WARN_UNREACHABLE_CODE = YES;
				CLANG_WARN__DUPLICATE_METHOD_MATCH = YES;
				CODE_SIGN_IDENTITY = "iPhone Developer";
				COPY_PHASE_STRIP = NO;
				DEBUG_INFORMATION_FORMAT = dwarf;
				ENABLE_STRICT_OBJC_MSGSEND = YES;
				ENABLE_TESTABILITY = YES;
				GCC_C_LANGUAGE_STANDARD = gnu11;
				GCC_DYNAMIC_NO_PIC = NO;
				GCC_NO_COMMON_BLOCKS = YES;
				GCC_OPTIMIZATION_LEVEL = 0;
				GCC_PREPROCESSOR_DEFINITIONS = (
					"DEBUG=1",
					"$(inherited)",
				);
				GCC_WARN_64_TO_32_BIT_CONVERSION = YES;
				GCC_WARN_ABOUT_RETURN_TYPE = YES_ERROR;
				GCC_WARN_UNDECLARED_SELECTOR = YES;
				GCC_WARN_UNINITIALIZED_AUTOS = YES_AGGRESSIVE;
				GCC_WARN_UNUSED_FUNCTION = YES;
				GCC_WARN_UNUSED_VARIABLE = YES;
				IPHONEOS_DEPLOYMENT_TARGET = 11.2;
				MTL_ENABLE_DEBUG_INFO = YES;
				ONLY_ACTIVE_ARCH = YES;
				SDKROOT = iphoneos;
				SWIFT_ACTIVE_COMPILATION_CONDITIONS = DEBUG;
				SWIFT_OPTIMIZATION_LEVEL = "-Onone";
			};
			name = Debug;
		};
		55BED764201C897B009A794B /* Release */ = {
			isa = XCBuildConfiguration;
			buildSettings = {
				ALWAYS_SEARCH_USER_PATHS = NO;
				CLANG_ANALYZER_NONNULL = YES;
				CLANG_ANALYZER_NUMBER_OBJECT_CONVERSION = YES_AGGRESSIVE;
				CLANG_CXX_LANGUAGE_STANDARD = "gnu++14";
				CLANG_CXX_LIBRARY = "libc++";
				CLANG_ENABLE_MODULES = YES;
				CLANG_ENABLE_OBJC_ARC = YES;
				CLANG_WARN_BLOCK_CAPTURE_AUTORELEASING = YES;
				CLANG_WARN_BOOL_CONVERSION = YES;
				CLANG_WARN_COMMA = YES;
				CLANG_WARN_CONSTANT_CONVERSION = YES;
				CLANG_WARN_DIRECT_OBJC_ISA_USAGE = YES_ERROR;
				CLANG_WARN_DOCUMENTATION_COMMENTS = YES;
				CLANG_WARN_EMPTY_BODY = YES;
				CLANG_WARN_ENUM_CONVERSION = YES;
				CLANG_WARN_INFINITE_RECURSION = YES;
				CLANG_WARN_INT_CONVERSION = YES;
				CLANG_WARN_NON_LITERAL_NULL_CONVERSION = YES;
				CLANG_WARN_OBJC_LITERAL_CONVERSION = YES;
				CLANG_WARN_OBJC_ROOT_CLASS = YES_ERROR;
				CLANG_WARN_RANGE_LOOP_ANALYSIS = YES;
				CLANG_WARN_STRICT_PROTOTYPES = YES;
				CLANG_WARN_SUSPICIOUS_MOVE = YES;
				CLANG_WARN_UNGUARDED_AVAILABILITY = YES_AGGRESSIVE;
				CLANG_WARN_UNREACHABLE_CODE = YES;
				CLANG_WARN__DUPLICATE_METHOD_MATCH = YES;
				CODE_SIGN_IDENTITY = "iPhone Developer";
				COPY_PHASE_STRIP = NO;
				DEBUG_INFORMATION_FORMAT = "dwarf-with-dsym";
				ENABLE_NS_ASSERTIONS = NO;
				ENABLE_STRICT_OBJC_MSGSEND = YES;
				GCC_C_LANGUAGE_STANDARD = gnu11;
				GCC_NO_COMMON_BLOCKS = YES;
				GCC_WARN_64_TO_32_BIT_CONVERSION = YES;
				GCC_WARN_ABOUT_RETURN_TYPE = YES_ERROR;
				GCC_WARN_UNDECLARED_SELECTOR = YES;
				GCC_WARN_UNINITIALIZED_AUTOS = YES_AGGRESSIVE;
				GCC_WARN_UNUSED_FUNCTION = YES;
				GCC_WARN_UNUSED_VARIABLE = YES;
				IPHONEOS_DEPLOYMENT_TARGET = 11.2;
				MTL_ENABLE_DEBUG_INFO = NO;
				SDKROOT = iphoneos;
				SWIFT_OPTIMIZATION_LEVEL = "-Owholemodule";
				VALIDATE_PRODUCT = YES;
			};
			name = Release;
		};
		55BED766201C897B009A794B /* Debug */ = {
			isa = XCBuildConfiguration;
			baseConfigurationReference = 398F4E3E0F8E71ECAC4CB7EC /* Pods-WordBuzzer.debug.xcconfig */;
			buildSettings = {
				ASSETCATALOG_COMPILER_APPICON_NAME = AppIcon;
				CODE_SIGN_STYLE = Automatic;
				DEVELOPMENT_TEAM = VA83A3734C;
				INFOPLIST_FILE = WordBuzzer/Info.plist;
				LD_RUNPATH_SEARCH_PATHS = "$(inherited) @executable_path/Frameworks";
				PRODUCT_BUNDLE_IDENTIFIER = com.bana.WordBuzzer;
				PRODUCT_NAME = "$(TARGET_NAME)";
				SWIFT_VERSION = 4.0;
				TARGETED_DEVICE_FAMILY = "1,2";
			};
			name = Debug;
		};
		55BED767201C897B009A794B /* Release */ = {
			isa = XCBuildConfiguration;
			baseConfigurationReference = 4F6AFCFE8288B843C272959A /* Pods-WordBuzzer.release.xcconfig */;
			buildSettings = {
				ASSETCATALOG_COMPILER_APPICON_NAME = AppIcon;
				CODE_SIGN_STYLE = Automatic;
				DEVELOPMENT_TEAM = VA83A3734C;
				INFOPLIST_FILE = WordBuzzer/Info.plist;
				LD_RUNPATH_SEARCH_PATHS = "$(inherited) @executable_path/Frameworks";
				PRODUCT_BUNDLE_IDENTIFIER = com.bana.WordBuzzer;
				PRODUCT_NAME = "$(TARGET_NAME)";
				SWIFT_VERSION = 4.0;
				TARGETED_DEVICE_FAMILY = "1,2";
			};
			name = Release;
		};
		55BED769201C897B009A794B /* Debug */ = {
			isa = XCBuildConfiguration;
			baseConfigurationReference = F8A0DE6D7364509CACB81FAD /* Pods-WordBuzzerTests.debug.xcconfig */;
			buildSettings = {
				ALWAYS_EMBED_SWIFT_STANDARD_LIBRARIES = YES;
				BUNDLE_LOADER = "$(TEST_HOST)";
				CLANG_ENABLE_MODULES = YES;
				CODE_SIGN_STYLE = Automatic;
				DEVELOPMENT_TEAM = VA83A3734C;
				INFOPLIST_FILE = WordBuzzerTests/Info.plist;
				LD_RUNPATH_SEARCH_PATHS = "$(inherited) @executable_path/Frameworks @loader_path/Frameworks";
				PRODUCT_BUNDLE_IDENTIFIER = com.bana.WordBuzzerTests;
				PRODUCT_NAME = "$(TARGET_NAME)";
				SWIFT_OBJC_BRIDGING_HEADER = "WordBuzzerTests/WordBuzzerTests-Bridging-Header.h";
				SWIFT_OPTIMIZATION_LEVEL = "-Onone";
				SWIFT_VERSION = 4.0;
				TARGETED_DEVICE_FAMILY = "1,2";
				TEST_HOST = "$(BUILT_PRODUCTS_DIR)/WordBuzzer.app/WordBuzzer";
			};
			name = Debug;
		};
		55BED76A201C897B009A794B /* Release */ = {
			isa = XCBuildConfiguration;
			baseConfigurationReference = A1783B231378741E63655E2A /* Pods-WordBuzzerTests.release.xcconfig */;
			buildSettings = {
				ALWAYS_EMBED_SWIFT_STANDARD_LIBRARIES = YES;
				BUNDLE_LOADER = "$(TEST_HOST)";
				CLANG_ENABLE_MODULES = YES;
				CODE_SIGN_STYLE = Automatic;
				DEVELOPMENT_TEAM = VA83A3734C;
				INFOPLIST_FILE = WordBuzzerTests/Info.plist;
				LD_RUNPATH_SEARCH_PATHS = "$(inherited) @executable_path/Frameworks @loader_path/Frameworks";
				PRODUCT_BUNDLE_IDENTIFIER = com.bana.WordBuzzerTests;
				PRODUCT_NAME = "$(TARGET_NAME)";
				SWIFT_OBJC_BRIDGING_HEADER = "WordBuzzerTests/WordBuzzerTests-Bridging-Header.h";
				SWIFT_VERSION = 4.0;
				TARGETED_DEVICE_FAMILY = "1,2";
				TEST_HOST = "$(BUILT_PRODUCTS_DIR)/WordBuzzer.app/WordBuzzer";
			};
			name = Release;
		};
/* End XCBuildConfiguration section */

/* Begin XCConfigurationList section */
		55BED743201C897B009A794B /* Build configuration list for PBXProject "WordBuzzer" */ = {
			isa = XCConfigurationList;
			buildConfigurations = (
				55BED763201C897B009A794B /* Debug */,
				55BED764201C897B009A794B /* Release */,
			);
			defaultConfigurationIsVisible = 0;
			defaultConfigurationName = Release;
		};
		55BED765201C897B009A794B /* Build configuration list for PBXNativeTarget "WordBuzzer" */ = {
			isa = XCConfigurationList;
			buildConfigurations = (
				55BED766201C897B009A794B /* Debug */,
				55BED767201C897B009A794B /* Release */,
			);
			defaultConfigurationIsVisible = 0;
			defaultConfigurationName = Release;
		};
		55BED768201C897B009A794B /* Build configuration list for PBXNativeTarget "WordBuzzerTests" */ = {
			isa = XCConfigurationList;
			buildConfigurations = (
				55BED769201C897B009A794B /* Debug */,
				55BED76A201C897B009A794B /* Release */,
			);
			defaultConfigurationIsVisible = 0;
			defaultConfigurationName = Release;
		};
/* End XCConfigurationList section */
	};
	rootObject = 55BED740201C897B009A794B /* Project object */;
}
